
Microsoft Visual Studio Solution File, Format Version 12.00
# Visual Studio Version 17
VisualStudioVersion = 17.5.002.0
MinimumVisualStudioVersion = 10.0.40219.1
Project("{9A19103F-16F7-4668-BE54-9A1E7A4F7556}") = "API", "API.csproj", "{76D4B7FB-7B30-4510-BCCA-FD0E9176AF03}"
EndProject
Project("{FAE04EC0-301F-11D3-BF4B-00C04F79EFBC}") = "API.UnitTest", "..\API.UnitTest\API.UnitTest.csproj", "{8FF40BC3-A2FA-4E7F-A176-3A34F4D50D12}"
EndProject
Global
	GlobalSection(SolutionConfigurationPlatforms) = preSolution
		Debug|Any CPU = Debug|Any CPU
		Release|Any CPU = Release|Any CPU
	EndGlobalSection
	GlobalSection(ProjectConfigurationPlatforms) = postSolution
		{76D4B7FB-7B30-4510-BCCA-FD0E9176AF03}.Debug|Any CPU.ActiveCfg = Debug|Any CPU
		{76D4B7FB-7B30-4510-BCCA-FD0E9176AF03}.Debug|Any CPU.Build.0 = Debug|Any CPU
		{76D4B7FB-7B30-4510-BCCA-FD0E9176AF03}.Release|Any CPU.ActiveCfg = Release|Any CPU
		{76D4B7FB-7B30-4510-BCCA-FD0E9176AF03}.Release|Any CPU.Build.0 = Release|Any CPU
		{8FF40BC3-A2FA-4E7F-A176-3A34F4D50D12}.Debug|Any CPU.ActiveCfg = Debug|Any CPU
		{8FF40BC3-A2FA-4E7F-A176-3A34F4D50D12}.Debug|Any CPU.Build.0 = Debug|Any CPU
		{8FF40BC3-A2FA-4E7F-A176-3A34F4D50D12}.Release|Any CPU.ActiveCfg = Release|Any CPU
		{8FF40BC3-A2FA-4E7F-A176-3A34F4D50D12}.Release|Any CPU.Build.0 = Release|Any CPU
	EndGlobalSection
	GlobalSection(SolutionProperties) = preSolution
		HideSolutionNode = FALSE
	EndGlobalSection
	GlobalSection(ExtensibilityGlobals) = postSolution
		SolutionGuid = {7A7C3B2C-BDF6-40FD-A2F3-8DD0BC6E2240}
	EndGlobalSection
EndGlobal
